
Microsoft Visual Studio Solution File, Format Version 12.00
# Visual Studio Version 17
VisualStudioVersion = 17.8.34525.116
MinimumVisualStudioVersion = 10.0.40219.1
Project("{2150E333-8FDC-42A3-9474-1A3956D46DE8}") = "Test", "Test", "{939196B4-E87E-4110-9529-FD27C8701E7B}"
EndProject
Project("{2150E333-8FDC-42A3-9474-1A3956D46DE8}") = "src", "src", "{CE2D9866-A883-4B39-A4B8-4EE7A7066F98}"
EndProject
Project("{FAE04EC0-301F-11D3-BF4B-00C04F79EFBC}") = "NutritionalRecipeBook.Domain", "NutritionalRecipeBook.Domain\NutritionalRecipeBook.Domain.csproj", "{83A8909F-C891-4B1E-93A5-674E2F4C1B39}"
EndProject
Project("{FAE04EC0-301F-11D3-BF4B-00C04F79EFBC}") = "NutritionalRecipeBook.Application", "NutritionalRecipeBook.Application\NutritionalRecipeBook.Application.csproj", "{A90178E0-550F-4509-BC9C-91336C530AE0}"
EndProject
Project("{FAE04EC0-301F-11D3-BF4B-00C04F79EFBC}") = "NutritionalRecipeBook.Infrastructure", "NutritionalRecipeBook.Infrastructure\NutritionalRecipeBook.Infrastructure.csproj", "{C744D11A-3728-415D-85F2-6817DBB6DE13}"
EndProject
Project("{FAE04EC0-301F-11D3-BF4B-00C04F79EFBC}") = "NutritionalRecipeBook.Api", "NutritionalRecipeBook.Api\NutritionalRecipeBook.Api.csproj", "{6FA6834C-92A8-43A2-BF83-7D5F6AA4DD11}"
EndProject
Project("{FAE04EC0-301F-11D3-BF4B-00C04F79EFBC}") = "NutritionalRecipeBook.Api.UnitTests", "..\test\NutritionalRecipeBook.Api.UnitTests\NutritionalRecipeBook.Api.UnitTests.csproj", "{193D7CC8-464C-48DD-83A1-405F0DA31162}"
EndProject
Project("{FAE04EC0-301F-11D3-BF4B-00C04F79EFBC}") = "NutritionalRecipeBook.NutritionWebApi", "NutritionalRecipeBook.NutritionWebApi\NutritionalRecipeBook.NutritionWebApi.csproj", "{950286DE-21ED-442D-AED5-FACBA4C4140D}"
EndProject
Global
	GlobalSection(SolutionConfigurationPlatforms) = preSolution
		Debug|Any CPU = Debug|Any CPU
		Release|Any CPU = Release|Any CPU
	EndGlobalSection
	GlobalSection(ProjectConfigurationPlatforms) = postSolution
		{83A8909F-C891-4B1E-93A5-674E2F4C1B39}.Debug|Any CPU.ActiveCfg = Debug|Any CPU
		{83A8909F-C891-4B1E-93A5-674E2F4C1B39}.Debug|Any CPU.Build.0 = Debug|Any CPU
		{83A8909F-C891-4B1E-93A5-674E2F4C1B39}.Release|Any CPU.ActiveCfg = Release|Any CPU
		{83A8909F-C891-4B1E-93A5-674E2F4C1B39}.Release|Any CPU.Build.0 = Release|Any CPU
		{A90178E0-550F-4509-BC9C-91336C530AE0}.Debug|Any CPU.ActiveCfg = Debug|Any CPU
		{A90178E0-550F-4509-BC9C-91336C530AE0}.Debug|Any CPU.Build.0 = Debug|Any CPU
		{A90178E0-550F-4509-BC9C-91336C530AE0}.Release|Any CPU.ActiveCfg = Release|Any CPU
		{A90178E0-550F-4509-BC9C-91336C530AE0}.Release|Any CPU.Build.0 = Release|Any CPU
		{C744D11A-3728-415D-85F2-6817DBB6DE13}.Debug|Any CPU.ActiveCfg = Debug|Any CPU
		{C744D11A-3728-415D-85F2-6817DBB6DE13}.Debug|Any CPU.Build.0 = Debug|Any CPU
		{C744D11A-3728-415D-85F2-6817DBB6DE13}.Release|Any CPU.ActiveCfg = Release|Any CPU
		{C744D11A-3728-415D-85F2-6817DBB6DE13}.Release|Any CPU.Build.0 = Release|Any CPU
		{6FA6834C-92A8-43A2-BF83-7D5F6AA4DD11}.Debug|Any CPU.ActiveCfg = Debug|Any CPU
		{6FA6834C-92A8-43A2-BF83-7D5F6AA4DD11}.Debug|Any CPU.Build.0 = Debug|Any CPU
		{6FA6834C-92A8-43A2-BF83-7D5F6AA4DD11}.Release|Any CPU.ActiveCfg = Release|Any CPU
		{6FA6834C-92A8-43A2-BF83-7D5F6AA4DD11}.Release|Any CPU.Build.0 = Release|Any CPU
		{193D7CC8-464C-48DD-83A1-405F0DA31162}.Debug|Any CPU.ActiveCfg = Debug|Any CPU
		{193D7CC8-464C-48DD-83A1-405F0DA31162}.Debug|Any CPU.Build.0 = Debug|Any CPU
		{193D7CC8-464C-48DD-83A1-405F0DA31162}.Release|Any CPU.ActiveCfg = Release|Any CPU
		{193D7CC8-464C-48DD-83A1-405F0DA31162}.Release|Any CPU.Build.0 = Release|Any CPU
		{950286DE-21ED-442D-AED5-FACBA4C4140D}.Debug|Any CPU.ActiveCfg = Debug|Any CPU
		{950286DE-21ED-442D-AED5-FACBA4C4140D}.Debug|Any CPU.Build.0 = Debug|Any CPU
		{950286DE-21ED-442D-AED5-FACBA4C4140D}.Release|Any CPU.ActiveCfg = Release|Any CPU
		{950286DE-21ED-442D-AED5-FACBA4C4140D}.Release|Any CPU.Build.0 = Release|Any CPU
	EndGlobalSection
	GlobalSection(SolutionProperties) = preSolution
		HideSolutionNode = FALSE
	EndGlobalSection
	GlobalSection(NestedProjects) = preSolution
		{83A8909F-C891-4B1E-93A5-674E2F4C1B39} = {CE2D9866-A883-4B39-A4B8-4EE7A7066F98}
		{A90178E0-550F-4509-BC9C-91336C530AE0} = {CE2D9866-A883-4B39-A4B8-4EE7A7066F98}
		{C744D11A-3728-415D-85F2-6817DBB6DE13} = {CE2D9866-A883-4B39-A4B8-4EE7A7066F98}
		{6FA6834C-92A8-43A2-BF83-7D5F6AA4DD11} = {CE2D9866-A883-4B39-A4B8-4EE7A7066F98}
		{193D7CC8-464C-48DD-83A1-405F0DA31162} = {939196B4-E87E-4110-9529-FD27C8701E7B}
		{950286DE-21ED-442D-AED5-FACBA4C4140D} = {CE2D9866-A883-4B39-A4B8-4EE7A7066F98}
	EndGlobalSection
	GlobalSection(ExtensibilityGlobals) = postSolution
		SolutionGuid = {D0AA1A8E-F7D7-4096-B6D6-336FC0495227}
	EndGlobalSection
EndGlobal
